
Microsoft Visual Studio Solution File, Format Version 12.00
# Visual Studio Version 16
VisualStudioVersion = 16.0.32126.315
MinimumVisualStudioVersion = 10.0.40219.1
Project("{FAE04EC0-301F-11D3-BF4B-00C04F79EFBC}") = "kr", "kr\kr.csproj", "{45580BBA-A134-47B2-91D9-C8AF84605845}"
EndProject
Global
	GlobalSection(SolutionConfigurationPlatforms) = preSolution
		Debug|Any CPU = Debug|Any CPU
		Release|Any CPU = Release|Any CPU
	EndGlobalSection
	GlobalSection(ProjectConfigurationPlatforms) = postSolution
		{45580BBA-A134-47B2-91D9-C8AF84605845}.Debug|Any CPU.ActiveCfg = Debug|Any CPU
		{45580BBA-A134-47B2-91D9-C8AF84605845}.Debug|Any CPU.Build.0 = Debug|Any CPU
		{45580BBA-A134-47B2-91D9-C8AF84605845}.Release|Any CPU.ActiveCfg = Release|Any CPU
		{45580BBA-A134-47B2-91D9-C8AF84605845}.Release|Any CPU.Build.0 = Release|Any CPU
	EndGlobalSection
	GlobalSection(SolutionProperties) = preSolution
		HideSolutionNode = FALSE
	EndGlobalSection
	GlobalSection(ExtensibilityGlobals) = postSolution
		SolutionGuid = {65685EFA-CD11-459A-8315-CE2C20541B54}
	EndGlobalSection
EndGlobal
